
Microsoft Visual Studio Solution File, Format Version 12.00
# Visual Studio 14
VisualStudioVersion = 14.0.23107.0
MinimumVisualStudioVersion = 10.0.40219.1
Project("{E24C65DC-7377-472B-9ABA-BC803B73C61A}") = "biloAtlas", ".", "{EAC01BBF-7D5B-47A1-8939-DD984CEAB4A1}"
	ProjectSection(WebsiteProperties) = preProject
		TargetFrameworkMoniker = ".NETFramework,Version%3Dv4.0"
		Debug.AspNetCompiler.VirtualPath = "/localhost_28611"
		Debug.AspNetCompiler.PhysicalPath = "..\biloAtlas\"
		Debug.AspNetCompiler.TargetPath = "PrecompiledWeb\localhost_28611\"
		Debug.AspNetCompiler.Updateable = "true"
		Debug.AspNetCompiler.ForceOverwrite = "true"
		Debug.AspNetCompiler.FixedNames = "false"
		Debug.AspNetCompiler.Debug = "True"
		Release.AspNetCompiler.VirtualPath = "/localhost_28611"
		Release.AspNetCompiler.PhysicalPath = "..\biloAtlas\"
		Release.AspNetCompiler.TargetPath = "PrecompiledWeb\localhost_28611\"
		Release.AspNetCompiler.Updateable = "true"
		Release.AspNetCompiler.ForceOverwrite = "true"
		Release.AspNetCompiler.FixedNames = "false"
		Release.AspNetCompiler.Debug = "False"
		VWDPort = "28611"
		SlnRelativePath = "..\biloAtlas\"
	EndProjectSection
EndProject
Global
	GlobalSection(SolutionConfigurationPlatforms) = preSolution
		Debug|Any CPU = Debug|Any CPU
	EndGlobalSection
	GlobalSection(ProjectConfigurationPlatforms) = postSolution
		{EAC01BBF-7D5B-47A1-8939-DD984CEAB4A1}.Debug|Any CPU.ActiveCfg = Debug|Any CPU
		{EAC01BBF-7D5B-47A1-8939-DD984CEAB4A1}.Debug|Any CPU.Build.0 = Debug|Any CPU
	EndGlobalSection
	GlobalSection(SolutionProperties) = preSolution
		HideSolutionNode = FALSE
	EndGlobalSection
EndGlobal
